// !$*UTF8*$!
{
	archiveVersion = 1;
	classes = {
	};
	objectVersion = 46;
	objects = {

/* Begin PBXBuildFile section */
		9409247A1DB9B36B00B54CAD /* SegueViewController.swift in Sources */ = {isa = PBXBuildFile; fileRef = 940924791DB9B36B00B54CAD /* SegueViewController.swift */; };
		942649A31DE7CED900F4A535 /* UIView+Extension.swift in Sources */ = {isa = PBXBuildFile; fileRef = 942649A11DE7CED900F4A535 /* UIView+Extension.swift */; };
		942649A41DE7CED900F4A535 /* UIViewController+Extension.swift in Sources */ = {isa = PBXBuildFile; fileRef = 942649A21DE7CED900F4A535 /* UIViewController+Extension.swift */; };
		942649A61DE7CF5B00F4A535 /* Int+Extension.swift in Sources */ = {isa = PBXBuildFile; fileRef = 942649A51DE7CF5B00F4A535 /* Int+Extension.swift */; };
		942764AB1DFC4FC00048A3D5 /* Constraints.swift in Sources */ = {isa = PBXBuildFile; fileRef = 942764AA1DFC4FC00048A3D5 /* Constraints.swift */; };
		9473BEB71DAD3EFC00AA920D /* AppDelegate.swift in Sources */ = {isa = PBXBuildFile; fileRef = 9473BEB61DAD3EFC00AA920D /* AppDelegate.swift */; };
		9473BEB91DAD3EFC00AA920D /* ViewController.swift in Sources */ = {isa = PBXBuildFile; fileRef = 9473BEB81DAD3EFC00AA920D /* ViewController.swift */; };
		9473BEBC1DAD3EFC00AA920D /* Main.storyboard in Resources */ = {isa = PBXBuildFile; fileRef = 9473BEBA1DAD3EFC00AA920D /* Main.storyboard */; };
		9473BEBF1DAD3EFC00AA920D /* Example.xcdatamodeld in Sources */ = {isa = PBXBuildFile; fileRef = 9473BEBD1DAD3EFC00AA920D /* Example.xcdatamodeld */; };
		9473BEC11DAD3EFC00AA920D /* Assets.xcassets in Resources */ = {isa = PBXBuildFile; fileRef = 9473BEC01DAD3EFC00AA920D /* Assets.xcassets */; };
		9473BEC41DAD3EFC00AA920D /* LaunchScreen.storyboard in Resources */ = {isa = PBXBuildFile; fileRef = 9473BEC21DAD3EFC00AA920D /* LaunchScreen.storyboard */; };
		9473BECA1DAD40F700AA920D /* ConstraintViewController.swift in Sources */ = {isa = PBXBuildFile; fileRef = 9473BEC91DAD40F700AA920D /* ConstraintViewController.swift */; };
		9473BED31DAD49DF00AA920D /* delay.swift in Sources */ = {isa = PBXBuildFile; fileRef = 9473BED21DAD49DF00AA920D /* delay.swift */; };
		9473BED81DAD4A2400AA920D /* Segue.swift in Sources */ = {isa = PBXBuildFile; fileRef = 9473BED41DAD4A2400AA920D /* Segue.swift */; };
		9473BED91DAD4A2400AA920D /* PopupTransitionDelegate.swift in Sources */ = {isa = PBXBuildFile; fileRef = 9473BED51DAD4A2400AA920D /* PopupTransitionDelegate.swift */; };
		9473BEDA1DAD4A2400AA920D /* RevealLeftHiddenViewSegue.swift in Sources */ = {isa = PBXBuildFile; fileRef = 9473BED61DAD4A2400AA920D /* RevealLeftHiddenViewSegue.swift */; };
		9473BEDB1DAD4A2400AA920D /* SlideOverTransitionDelegate.swift in Sources */ = {isa = PBXBuildFile; fileRef = 9473BED71DAD4A2400AA920D /* SlideOverTransitionDelegate.swift */; };
		9473BEE11DAD4A6000AA920D /* BManagedObject.swift in Sources */ = {isa = PBXBuildFile; fileRef = 9473BEE01DAD4A6000AA920D /* BManagedObject.swift */; };
		949590931DE594A200C3CCAE /* NumberViewController.swift in Sources */ = {isa = PBXBuildFile; fileRef = 949590921DE594A200C3CCAE /* NumberViewController.swift */; };
		94B42E781E100C7C00C33B10 /* CGSize+Extension.swift in Sources */ = {isa = PBXBuildFile; fileRef = 94B42E771E100C7C00C33B10 /* CGSize+Extension.swift */; };
		94B42E7A1E10101A00C33B10 /* CGRect+Extension.swift in Sources */ = {isa = PBXBuildFile; fileRef = 94B42E791E10101A00C33B10 /* CGRect+Extension.swift */; };
		94EA5AF21DAD3330006E5517 /* Blocks.framework in Frameworks */ = {isa = PBXBuildFile; fileRef = 94EA5AE81DAD3330006E5517 /* Blocks.framework */; };
		94EA5AF71DAD3330006E5517 /* BlocksTests.swift in Sources */ = {isa = PBXBuildFile; fileRef = 94EA5AF61DAD3330006E5517 /* BlocksTests.swift */; };
		94EA5AF91DAD3330006E5517 /* Blocks.h in Headers */ = {isa = PBXBuildFile; fileRef = 94EA5AEB1DAD3330006E5517 /* Blocks.h */; settings = {ATTRIBUTES = (Public, ); }; };
		94EC14281E0FBD35001755CD /* CGPoint+Extension.swift in Sources */ = {isa = PBXBuildFile; fileRef = 94EC14271E0FBD35001755CD /* CGPoint+Extension.swift */; };
/* End PBXBuildFile section */

/* Begin PBXContainerItemProxy section */
		9473BEE21DAD4D7A00AA920D /* PBXContainerItemProxy */ = {
			isa = PBXContainerItemProxy;
			containerPortal = 94EA5ADF1DAD332F006E5517 /* Project object */;
			proxyType = 1;
			remoteGlobalIDString = 94EA5AE71DAD3330006E5517;
			remoteInfo = Blocks;
		};
		94EA5AF31DAD3330006E5517 /* PBXContainerItemProxy */ = {
			isa = PBXContainerItemProxy;
			containerPortal = 94EA5ADF1DAD332F006E5517 /* Project object */;
			proxyType = 1;
			remoteGlobalIDString = 94EA5AE71DAD3330006E5517;
			remoteInfo = Blocks;
		};
/* End PBXContainerItemProxy section */

/* Begin PBXCopyFilesBuildPhase section */
		94AAB4C31DE99322003BA456 /* Embed Frameworks */ = {
			isa = PBXCopyFilesBuildPhase;
			buildActionMask = 2147483647;
			dstPath = "";
			dstSubfolderSpec = 10;
			files = (
			);
			name = "Embed Frameworks";
			runOnlyForDeploymentPostprocessing = 0;
		};
/* End PBXCopyFilesBuildPhase section */

/* Begin PBXFileReference section */
		940924791DB9B36B00B54CAD /* SegueViewController.swift */ = {isa = PBXFileReference; fileEncoding = 4; lastKnownFileType = sourcecode.swift; path = SegueViewController.swift; sourceTree = "<group>"; };
		942649A11DE7CED900F4A535 /* UIView+Extension.swift */ = {isa = PBXFileReference; fileEncoding = 4; lastKnownFileType = sourcecode.swift; path = "UIView+Extension.swift"; sourceTree = "<group>"; };
		942649A21DE7CED900F4A535 /* UIViewController+Extension.swift */ = {isa = PBXFileReference; fileEncoding = 4; lastKnownFileType = sourcecode.swift; path = "UIViewController+Extension.swift"; sourceTree = "<group>"; };
		942649A51DE7CF5B00F4A535 /* Int+Extension.swift */ = {isa = PBXFileReference; fileEncoding = 4; lastKnownFileType = sourcecode.swift; path = "Int+Extension.swift"; sourceTree = "<group>"; };
		942764AA1DFC4FC00048A3D5 /* Constraints.swift */ = {isa = PBXFileReference; fileEncoding = 4; lastKnownFileType = sourcecode.swift; path = Constraints.swift; sourceTree = "<group>"; };
		9473BEB41DAD3EFC00AA920D /* Example.app */ = {isa = PBXFileReference; explicitFileType = wrapper.application; includeInIndex = 0; path = Example.app; sourceTree = BUILT_PRODUCTS_DIR; };
		9473BEB61DAD3EFC00AA920D /* AppDelegate.swift */ = {isa = PBXFileReference; lastKnownFileType = sourcecode.swift; path = AppDelegate.swift; sourceTree = "<group>"; };
		9473BEB81DAD3EFC00AA920D /* ViewController.swift */ = {isa = PBXFileReference; lastKnownFileType = sourcecode.swift; path = ViewController.swift; sourceTree = "<group>"; };
		9473BEBB1DAD3EFC00AA920D /* Base */ = {isa = PBXFileReference; lastKnownFileType = file.storyboard; name = Base; path = Base.lproj/Main.storyboard; sourceTree = "<group>"; };
		9473BEBE1DAD3EFC00AA920D /* Example.xcdatamodel */ = {isa = PBXFileReference; lastKnownFileType = wrapper.xcdatamodel; path = Example.xcdatamodel; sourceTree = "<group>"; };
		9473BEC01DAD3EFC00AA920D /* Assets.xcassets */ = {isa = PBXFileReference; lastKnownFileType = folder.assetcatalog; path = Assets.xcassets; sourceTree = "<group>"; };
		9473BEC31DAD3EFC00AA920D /* Base */ = {isa = PBXFileReference; lastKnownFileType = file.storyboard; name = Base; path = Base.lproj/LaunchScreen.storyboard; sourceTree = "<group>"; };
		9473BEC51DAD3EFC00AA920D /* Info.plist */ = {isa = PBXFileReference; lastKnownFileType = text.plist.xml; path = Info.plist; sourceTree = "<group>"; };
		9473BEC91DAD40F700AA920D /* ConstraintViewController.swift */ = {isa = PBXFileReference; fileEncoding = 4; lastKnownFileType = sourcecode.swift; path = ConstraintViewController.swift; sourceTree = "<group>"; };
		9473BED21DAD49DF00AA920D /* delay.swift */ = {isa = PBXFileReference; fileEncoding = 4; lastKnownFileType = sourcecode.swift; path = delay.swift; sourceTree = "<group>"; };
		9473BED41DAD4A2400AA920D /* Segue.swift */ = {isa = PBXFileReference; fileEncoding = 4; lastKnownFileType = sourcecode.swift; path = Segue.swift; sourceTree = "<group>"; };
		9473BED51DAD4A2400AA920D /* PopupTransitionDelegate.swift */ = {isa = PBXFileReference; fileEncoding = 4; lastKnownFileType = sourcecode.swift; path = PopupTransitionDelegate.swift; sourceTree = "<group>"; };
		9473BED61DAD4A2400AA920D /* RevealLeftHiddenViewSegue.swift */ = {isa = PBXFileReference; fileEncoding = 4; lastKnownFileType = sourcecode.swift; path = RevealLeftHiddenViewSegue.swift; sourceTree = "<group>"; };
		9473BED71DAD4A2400AA920D /* SlideOverTransitionDelegate.swift */ = {isa = PBXFileReference; fileEncoding = 4; lastKnownFileType = sourcecode.swift; path = SlideOverTransitionDelegate.swift; sourceTree = "<group>"; };
		9473BEE01DAD4A6000AA920D /* BManagedObject.swift */ = {isa = PBXFileReference; fileEncoding = 4; lastKnownFileType = sourcecode.swift; path = BManagedObject.swift; sourceTree = "<group>"; };
		949590921DE594A200C3CCAE /* NumberViewController.swift */ = {isa = PBXFileReference; fileEncoding = 4; lastKnownFileType = sourcecode.swift; path = NumberViewController.swift; sourceTree = "<group>"; };
		94B42E771E100C7C00C33B10 /* CGSize+Extension.swift */ = {isa = PBXFileReference; fileEncoding = 4; lastKnownFileType = sourcecode.swift; path = "CGSize+Extension.swift"; sourceTree = "<group>"; };
		94B42E791E10101A00C33B10 /* CGRect+Extension.swift */ = {isa = PBXFileReference; fileEncoding = 4; lastKnownFileType = sourcecode.swift; path = "CGRect+Extension.swift"; sourceTree = "<group>"; };
		94EA5AE81DAD3330006E5517 /* Blocks.framework */ = {isa = PBXFileReference; explicitFileType = wrapper.framework; includeInIndex = 0; path = Blocks.framework; sourceTree = BUILT_PRODUCTS_DIR; };
		94EA5AEB1DAD3330006E5517 /* Blocks.h */ = {isa = PBXFileReference; lastKnownFileType = sourcecode.c.h; path = Blocks.h; sourceTree = "<group>"; };
		94EA5AEC1DAD3330006E5517 /* Info.plist */ = {isa = PBXFileReference; lastKnownFileType = text.plist.xml; path = Info.plist; sourceTree = "<group>"; };
		94EA5AF11DAD3330006E5517 /* BlocksTests.xctest */ = {isa = PBXFileReference; explicitFileType = wrapper.cfbundle; includeInIndex = 0; path = BlocksTests.xctest; sourceTree = BUILT_PRODUCTS_DIR; };
		94EA5AF61DAD3330006E5517 /* BlocksTests.swift */ = {isa = PBXFileReference; lastKnownFileType = sourcecode.swift; path = BlocksTests.swift; sourceTree = "<group>"; };
		94EA5AF81DAD3330006E5517 /* Info.plist */ = {isa = PBXFileReference; lastKnownFileType = text.plist.xml; path = Info.plist; sourceTree = "<group>"; };
		94EC14271E0FBD35001755CD /* CGPoint+Extension.swift */ = {isa = PBXFileReference; fileEncoding = 4; lastKnownFileType = sourcecode.swift; path = "CGPoint+Extension.swift"; sourceTree = "<group>"; };
/* End PBXFileReference section */

/* Begin PBXFrameworksBuildPhase section */
		9473BEB11DAD3EFC00AA920D /* Frameworks */ = {
			isa = PBXFrameworksBuildPhase;
			buildActionMask = 2147483647;
			files = (
			);
			runOnlyForDeploymentPostprocessing = 0;
		};
		94EA5AE41DAD3330006E5517 /* Frameworks */ = {
			isa = PBXFrameworksBuildPhase;
			buildActionMask = 2147483647;
			files = (
			);
			runOnlyForDeploymentPostprocessing = 0;
		};
		94EA5AEE1DAD3330006E5517 /* Frameworks */ = {
			isa = PBXFrameworksBuildPhase;
			buildActionMask = 2147483647;
			files = (
				94EA5AF21DAD3330006E5517 /* Blocks.framework in Frameworks */,
			);
			runOnlyForDeploymentPostprocessing = 0;
		};
/* End PBXFrameworksBuildPhase section */

/* Begin PBXGroup section */
		9473BEB51DAD3EFC00AA920D /* Example */ = {
			isa = PBXGroup;
			children = (
				9473BEB61DAD3EFC00AA920D /* AppDelegate.swift */,
				9473BEB81DAD3EFC00AA920D /* ViewController.swift */,
				9473BEBA1DAD3EFC00AA920D /* Main.storyboard */,
				9473BEC91DAD40F700AA920D /* ConstraintViewController.swift */,
				9473BEC01DAD3EFC00AA920D /* Assets.xcassets */,
				9473BEC21DAD3EFC00AA920D /* LaunchScreen.storyboard */,
				9473BEC51DAD3EFC00AA920D /* Info.plist */,
				9473BEBD1DAD3EFC00AA920D /* Example.xcdatamodeld */,
				940924791DB9B36B00B54CAD /* SegueViewController.swift */,
				949590921DE594A200C3CCAE /* NumberViewController.swift */,
			);
			path = Example;
			sourceTree = "<group>";
		};
		9473BECB1DAD49C200AA920D /* common */ = {
			isa = PBXGroup;
			children = (
				9473BED21DAD49DF00AA920D /* delay.swift */,
			);
			path = common;
			sourceTree = "<group>";
		};
		9473BECC1DAD49C200AA920D /* coredata */ = {
			isa = PBXGroup;
			children = (
				9473BEE01DAD4A6000AA920D /* BManagedObject.swift */,
			);
			path = coredata;
			sourceTree = "<group>";
		};
		9473BECD1DAD49C200AA920D /* extension */ = {
			isa = PBXGroup;
			children = (
				942649A11DE7CED900F4A535 /* UIView+Extension.swift */,
				942649A21DE7CED900F4A535 /* UIViewController+Extension.swift */,
				942649A51DE7CF5B00F4A535 /* Int+Extension.swift */,
				94EC14271E0FBD35001755CD /* CGPoint+Extension.swift */,
				94B42E771E100C7C00C33B10 /* CGSize+Extension.swift */,
				94B42E791E10101A00C33B10 /* CGRect+Extension.swift */,
			);
			path = extension;
			sourceTree = "<group>";
		};
		9473BECE1DAD49C200AA920D /* segue */ = {
			isa = PBXGroup;
			children = (
				9473BED41DAD4A2400AA920D /* Segue.swift */,
				9473BED51DAD4A2400AA920D /* PopupTransitionDelegate.swift */,
				9473BED61DAD4A2400AA920D /* RevealLeftHiddenViewSegue.swift */,
				9473BED71DAD4A2400AA920D /* SlideOverTransitionDelegate.swift */,
			);
			path = segue;
			sourceTree = "<group>";
		};
		94EA5ADE1DAD332F006E5517 = {
			isa = PBXGroup;
			children = (
				94EA5AEA1DAD3330006E5517 /* Blocks */,
				94EA5AF51DAD3330006E5517 /* BlocksTests */,
				9473BEB51DAD3EFC00AA920D /* Example */,
				94EA5AE91DAD3330006E5517 /* Products */,
			);
			sourceTree = "<group>";
		};
		94EA5AE91DAD3330006E5517 /* Products */ = {
			isa = PBXGroup;
			children = (
				94EA5AE81DAD3330006E5517 /* Blocks.framework */,
				94EA5AF11DAD3330006E5517 /* BlocksTests.xctest */,
				9473BEB41DAD3EFC00AA920D /* Example.app */,
			);
			name = Products;
			sourceTree = "<group>";
		};
		94EA5AEA1DAD3330006E5517 /* Blocks */ = {
			isa = PBXGroup;
			children = (
				9473BECB1DAD49C200AA920D /* common */,
				9473BECC1DAD49C200AA920D /* coredata */,
				9473BECD1DAD49C200AA920D /* extension */,
				9473BECE1DAD49C200AA920D /* segue */,
				942764AA1DFC4FC00048A3D5 /* Constraints.swift */,
				94EA5AEB1DAD3330006E5517 /* Blocks.h */,
				94EA5AEC1DAD3330006E5517 /* Info.plist */,
			);
			path = Blocks;
			sourceTree = "<group>";
		};
		94EA5AF51DAD3330006E5517 /* BlocksTests */ = {
			isa = PBXGroup;
			children = (
				94EA5AF61DAD3330006E5517 /* BlocksTests.swift */,
				94EA5AF81DAD3330006E5517 /* Info.plist */,
			);
			path = BlocksTests;
			sourceTree = "<group>";
		};
/* End PBXGroup section */

/* Begin PBXHeadersBuildPhase section */
		94EA5AE51DAD3330006E5517 /* Headers */ = {
			isa = PBXHeadersBuildPhase;
			buildActionMask = 2147483647;
			files = (
				94EA5AF91DAD3330006E5517 /* Blocks.h in Headers */,
			);
			runOnlyForDeploymentPostprocessing = 0;
		};
/* End PBXHeadersBuildPhase section */

/* Begin PBXNativeTarget section */
		9473BEB31DAD3EFC00AA920D /* Example */ = {
			isa = PBXNativeTarget;
			buildConfigurationList = 9473BEC61DAD3EFC00AA920D /* Build configuration list for PBXNativeTarget "Example" */;
			buildPhases = (
				9473BEB01DAD3EFC00AA920D /* Sources */,
				9473BEB11DAD3EFC00AA920D /* Frameworks */,
				9473BEB21DAD3EFC00AA920D /* Resources */,
				94AAB4C31DE99322003BA456 /* Embed Frameworks */,
			);
			buildRules = (
			);
			dependencies = (
				9473BEE31DAD4D7A00AA920D /* PBXTargetDependency */,
			);
			name = Example;
			productName = Example;
			productReference = 9473BEB41DAD3EFC00AA920D /* Example.app */;
			productType = "com.apple.product-type.application";
		};
		94EA5AE71DAD3330006E5517 /* Blocks */ = {
			isa = PBXNativeTarget;
			buildConfigurationList = 94EA5AFC1DAD3330006E5517 /* Build configuration list for PBXNativeTarget "Blocks" */;
			buildPhases = (
				94EA5AE31DAD3330006E5517 /* Sources */,
				94EA5AE41DAD3330006E5517 /* Frameworks */,
				94EA5AE51DAD3330006E5517 /* Headers */,
				94EA5AE61DAD3330006E5517 /* Resources */,
			);
			buildRules = (
			);
			dependencies = (
			);
			name = Blocks;
			productName = Blocks;
			productReference = 94EA5AE81DAD3330006E5517 /* Blocks.framework */;
			productType = "com.apple.product-type.framework";
		};
		94EA5AF01DAD3330006E5517 /* BlocksTests */ = {
			isa = PBXNativeTarget;
			buildConfigurationList = 94EA5AFF1DAD3330006E5517 /* Build configuration list for PBXNativeTarget "BlocksTests" */;
			buildPhases = (
				94EA5AED1DAD3330006E5517 /* Sources */,
				94EA5AEE1DAD3330006E5517 /* Frameworks */,
				94EA5AEF1DAD3330006E5517 /* Resources */,
			);
			buildRules = (
			);
			dependencies = (
				94EA5AF41DAD3330006E5517 /* PBXTargetDependency */,
			);
			name = BlocksTests;
			productName = BlocksTests;
			productReference = 94EA5AF11DAD3330006E5517 /* BlocksTests.xctest */;
			productType = "com.apple.product-type.bundle.unit-test";
		};
/* End PBXNativeTarget section */

/* Begin PBXProject section */
		94EA5ADF1DAD332F006E5517 /* Project object */ = {
			isa = PBXProject;
			attributes = {
				LastSwiftUpdateCheck = 0800;
				LastUpgradeCheck = 0810;
				ORGANIZATIONNAME = pi;
				TargetAttributes = {
					9473BEB31DAD3EFC00AA920D = {
						CreatedOnToolsVersion = 8.0;
						ProvisioningStyle = Automatic;
					};
					94EA5AE71DAD3330006E5517 = {
						CreatedOnToolsVersion = 8.0;
						LastSwiftMigration = 0800;
						ProvisioningStyle = Automatic;
					};
					94EA5AF01DAD3330006E5517 = {
						CreatedOnToolsVersion = 8.0;
						ProvisioningStyle = Automatic;
					};
				};
			};
			buildConfigurationList = 94EA5AE21DAD332F006E5517 /* Build configuration list for PBXProject "Blocks" */;
			compatibilityVersion = "Xcode 3.2";
			developmentRegion = English;
			hasScannedForEncodings = 0;
			knownRegions = (
				en,
				Base,
			);
			mainGroup = 94EA5ADE1DAD332F006E5517;
			productRefGroup = 94EA5AE91DAD3330006E5517 /* Products */;
			projectDirPath = "";
			projectRoot = "";
			targets = (
				94EA5AE71DAD3330006E5517 /* Blocks */,
				94EA5AF01DAD3330006E5517 /* BlocksTests */,
				9473BEB31DAD3EFC00AA920D /* Example */,
			);
		};
/* End PBXProject section */

/* Begin PBXResourcesBuildPhase section */
		9473BEB21DAD3EFC00AA920D /* Resources */ = {
			isa = PBXResourcesBuildPhase;
			buildActionMask = 2147483647;
			files = (
				9473BEC41DAD3EFC00AA920D /* LaunchScreen.storyboard in Resources */,
				9473BEC11DAD3EFC00AA920D /* Assets.xcassets in Resources */,
				9473BEBC1DAD3EFC00AA920D /* Main.storyboard in Resources */,
			);
			runOnlyForDeploymentPostprocessing = 0;
		};
		94EA5AE61DAD3330006E5517 /* Resources */ = {
			isa = PBXResourcesBuildPhase;
			buildActionMask = 2147483647;
			files = (
			);
			runOnlyForDeploymentPostprocessing = 0;
		};
		94EA5AEF1DAD3330006E5517 /* Resources */ = {
			isa = PBXResourcesBuildPhase;
			buildActionMask = 2147483647;
			files = (
			);
			runOnlyForDeploymentPostprocessing = 0;
		};
/* End PBXResourcesBuildPhase section */

/* Begin PBXSourcesBuildPhase section */
		9473BEB01DAD3EFC00AA920D /* Sources */ = {
			isa = PBXSourcesBuildPhase;
			buildActionMask = 2147483647;
			files = (
				9473BEB91DAD3EFC00AA920D /* ViewController.swift in Sources */,
				9473BECA1DAD40F700AA920D /* ConstraintViewController.swift in Sources */,
				9473BEBF1DAD3EFC00AA920D /* Example.xcdatamodeld in Sources */,
				9409247A1DB9B36B00B54CAD /* SegueViewController.swift in Sources */,
				9473BEB71DAD3EFC00AA920D /* AppDelegate.swift in Sources */,
				949590931DE594A200C3CCAE /* NumberViewController.swift in Sources */,
			);
			runOnlyForDeploymentPostprocessing = 0;
		};
		94EA5AE31DAD3330006E5517 /* Sources */ = {
			isa = PBXSourcesBuildPhase;
			buildActionMask = 2147483647;
			files = (
				9473BED81DAD4A2400AA920D /* Segue.swift in Sources */,
				94EC14281E0FBD35001755CD /* CGPoint+Extension.swift in Sources */,
				94B42E781E100C7C00C33B10 /* CGSize+Extension.swift in Sources */,
				9473BEDB1DAD4A2400AA920D /* SlideOverTransitionDelegate.swift in Sources */,
				94B42E7A1E10101A00C33B10 /* CGRect+Extension.swift in Sources */,
				942764AB1DFC4FC00048A3D5 /* Constraints.swift in Sources */,
				942649A31DE7CED900F4A535 /* UIView+Extension.swift in Sources */,
				942649A61DE7CF5B00F4A535 /* Int+Extension.swift in Sources */,
				9473BED91DAD4A2400AA920D /* PopupTransitionDelegate.swift in Sources */,
				9473BEDA1DAD4A2400AA920D /* RevealLeftHiddenViewSegue.swift in Sources */,
				9473BEE11DAD4A6000AA920D /* BManagedObject.swift in Sources */,
				942649A41DE7CED900F4A535 /* UIViewController+Extension.swift in Sources */,
				9473BED31DAD49DF00AA920D /* delay.swift in Sources */,
			);
			runOnlyForDeploymentPostprocessing = 0;
		};
		94EA5AED1DAD3330006E5517 /* Sources */ = {
			isa = PBXSourcesBuildPhase;
			buildActionMask = 2147483647;
			files = (
				94EA5AF71DAD3330006E5517 /* BlocksTests.swift in Sources */,
			);
			runOnlyForDeploymentPostprocessing = 0;
		};
/* End PBXSourcesBuildPhase section */

/* Begin PBXTargetDependency section */
		9473BEE31DAD4D7A00AA920D /* PBXTargetDependency */ = {
			isa = PBXTargetDependency;
			target = 94EA5AE71DAD3330006E5517 /* Blocks */;
			targetProxy = 9473BEE21DAD4D7A00AA920D /* PBXContainerItemProxy */;
		};
		94EA5AF41DAD3330006E5517 /* PBXTargetDependency */ = {
			isa = PBXTargetDependency;
			target = 94EA5AE71DAD3330006E5517 /* Blocks */;
			targetProxy = 94EA5AF31DAD3330006E5517 /* PBXContainerItemProxy */;
		};
/* End PBXTargetDependency section */

/* Begin PBXVariantGroup section */
		9473BEBA1DAD3EFC00AA920D /* Main.storyboard */ = {
			isa = PBXVariantGroup;
			children = (
				9473BEBB1DAD3EFC00AA920D /* Base */,
			);
			name = Main.storyboard;
			sourceTree = "<group>";
		};
		9473BEC21DAD3EFC00AA920D /* LaunchScreen.storyboard */ = {
			isa = PBXVariantGroup;
			children = (
				9473BEC31DAD3EFC00AA920D /* Base */,
			);
			name = LaunchScreen.storyboard;
			sourceTree = "<group>";
		};
/* End PBXVariantGroup section */

/* Begin XCBuildConfiguration section */
		9473BEC71DAD3EFC00AA920D /* Debug */ = {
			isa = XCBuildConfiguration;
			buildSettings = {
				ALWAYS_EMBED_SWIFT_STANDARD_LIBRARIES = YES;
				ASSETCATALOG_COMPILER_APPICON_NAME = AppIcon;
				INFOPLIST_FILE = Example/Info.plist;
				LD_RUNPATH_SEARCH_PATHS = "$(inherited) @executable_path/Frameworks";
				PRODUCT_BUNDLE_IDENTIFIER = com.musicpang.blocks.Example;
				PRODUCT_NAME = "$(TARGET_NAME)";
				SWIFT_VERSION = 3.0;
			};
			name = Debug;
		};
		9473BEC81DAD3EFC00AA920D /* Release */ = {
			isa = XCBuildConfiguration;
			buildSettings = {
				ALWAYS_EMBED_SWIFT_STANDARD_LIBRARIES = YES;
				ASSETCATALOG_COMPILER_APPICON_NAME = AppIcon;
				INFOPLIST_FILE = Example/Info.plist;
				LD_RUNPATH_SEARCH_PATHS = "$(inherited) @executable_path/Frameworks";
				PRODUCT_BUNDLE_IDENTIFIER = com.musicpang.blocks.Example;
				PRODUCT_NAME = "$(TARGET_NAME)";
				SWIFT_VERSION = 3.0;
			};
			name = Release;
		};
		94806B101DD59E8E00F51E1D /* English */ = {
			isa = XCBuildConfiguration;
			buildSettings = {
				ALWAYS_SEARCH_USER_PATHS = NO;
				CLANG_ANALYZER_NONNULL = YES;
				CLANG_CXX_LANGUAGE_STANDARD = "gnu++0x";
				CLANG_CXX_LIBRARY = "libc++";
				CLANG_ENABLE_MODULES = YES;
				CLANG_ENABLE_OBJC_ARC = YES;
				CLANG_WARN_BOOL_CONVERSION = YES;
				CLANG_WARN_CONSTANT_CONVERSION = YES;
				CLANG_WARN_DIRECT_OBJC_ISA_USAGE = YES_ERROR;
				CLANG_WARN_DOCUMENTATION_COMMENTS = YES;
				CLANG_WARN_EMPTY_BODY = YES;
				CLANG_WARN_ENUM_CONVERSION = YES;
				CLANG_WARN_INFINITE_RECURSION = YES;
				CLANG_WARN_INT_CONVERSION = YES;
				CLANG_WARN_OBJC_ROOT_CLASS = YES_ERROR;
				CLANG_WARN_SUSPICIOUS_MOVE = YES;
				CLANG_WARN_SUSPICIOUS_MOVES = YES;
				CLANG_WARN_UNREACHABLE_CODE = YES;
				CLANG_WARN__DUPLICATE_METHOD_MATCH = YES;
				"CODE_SIGN_IDENTITY[sdk=iphoneos*]" = "iPhone Developer";
				COPY_PHASE_STRIP = NO;
				CURRENT_PROJECT_VERSION = 1;
				DEBUG_INFORMATION_FORMAT = "dwarf-with-dsym";
				ENABLE_NS_ASSERTIONS = NO;
				ENABLE_STRICT_OBJC_MSGSEND = YES;
				GCC_C_LANGUAGE_STANDARD = gnu99;
				GCC_NO_COMMON_BLOCKS = YES;
				GCC_WARN_64_TO_32_BIT_CONVERSION = YES;
				GCC_WARN_ABOUT_RETURN_TYPE = YES_ERROR;
				GCC_WARN_UNDECLARED_SELECTOR = YES;
				GCC_WARN_UNINITIALIZED_AUTOS = YES_AGGRESSIVE;
				GCC_WARN_UNUSED_FUNCTION = YES;
				GCC_WARN_UNUSED_VARIABLE = YES;
				IPHONEOS_DEPLOYMENT_TARGET = 10.0;
				MTL_ENABLE_DEBUG_INFO = NO;
				SDKROOT = iphoneos;
				SWIFT_OPTIMIZATION_LEVEL = "-Owholemodule";
				TARGETED_DEVICE_FAMILY = "1,2";
				VALIDATE_PRODUCT = YES;
				VERSIONING_SYSTEM = "apple-generic";
				VERSION_INFO_PREFIX = "";
			};
			name = English;
		};
		94806B111DD59E8E00F51E1D /* English */ = {
			isa = XCBuildConfiguration;
			buildSettings = {
				CLANG_ENABLE_MODULES = YES;
				CODE_SIGN_IDENTITY = "";
				DEFINES_MODULE = YES;
				DYLIB_COMPATIBILITY_VERSION = 1;
				DYLIB_CURRENT_VERSION = 1;
				DYLIB_INSTALL_NAME_BASE = "@rpath";
				INFOPLIST_FILE = Blocks/Info.plist;
				INSTALL_PATH = "$(LOCAL_LIBRARY_DIR)/Frameworks";
				IPHONEOS_DEPLOYMENT_TARGET = 8.4;
				LD_RUNPATH_SEARCH_PATHS = "$(inherited) @executable_path/Frameworks @loader_path/Frameworks";
				PRODUCT_BUNDLE_IDENTIFIER = com.musicpang.Blocks;
				PRODUCT_NAME = "$(TARGET_NAME)";
				SKIP_INSTALL = YES;
				SWIFT_VERSION = 3.0;
			};
			name = English;
		};
		94806B121DD59E8E00F51E1D /* English */ = {
			isa = XCBuildConfiguration;
			buildSettings = {
				ALWAYS_EMBED_SWIFT_STANDARD_LIBRARIES = YES;
				INFOPLIST_FILE = BlocksTests/Info.plist;
				LD_RUNPATH_SEARCH_PATHS = "$(inherited) @executable_path/Frameworks @loader_path/Frameworks";
				PRODUCT_BUNDLE_IDENTIFIER = com.musicpang.BlocksTests;
				PRODUCT_NAME = "$(TARGET_NAME)";
				SWIFT_VERSION = 3.0;
			};
			name = English;
		};
		94806B131DD59E8E00F51E1D /* English */ = {
			isa = XCBuildConfiguration;
			buildSettings = {
				ALWAYS_EMBED_SWIFT_STANDARD_LIBRARIES = YES;
				ASSETCATALOG_COMPILER_APPICON_NAME = AppIcon;
				INFOPLIST_FILE = Example/Info.plist;
				LD_RUNPATH_SEARCH_PATHS = "$(inherited) @executable_path/Frameworks";
				PRODUCT_BUNDLE_IDENTIFIER = com.musicpang.blocks.Example;
				PRODUCT_NAME = "$(TARGET_NAME)";
				SWIFT_VERSION = 3.0;
			};
			name = English;
		};
		94EA5AFA1DAD3330006E5517 /* Debug */ = {
			isa = XCBuildConfiguration;
			buildSettings = {
				ALWAYS_SEARCH_USER_PATHS = NO;
				CLANG_ANALYZER_NONNULL = YES;
				CLANG_CXX_LANGUAGE_STANDARD = "gnu++0x";
				CLANG_CXX_LIBRARY = "libc++";
				CLANG_ENABLE_MODULES = YES;
				CLANG_ENABLE_OBJC_ARC = YES;
				CLANG_WARN_BOOL_CONVERSION = YES;
				CLANG_WARN_CONSTANT_CONVERSION = YES;
				CLANG_WARN_DIRECT_OBJC_ISA_USAGE = YES_ERROR;
				CLANG_WARN_DOCUMENTATION_COMMENTS = YES;
				CLANG_WARN_EMPTY_BODY = YES;
				CLANG_WARN_ENUM_CONVERSION = YES;
				CLANG_WARN_INFINITE_RECURSION = YES;
				CLANG_WARN_INT_CONVERSION = YES;
				CLANG_WARN_OBJC_ROOT_CLASS = YES_ERROR;
				CLANG_WARN_SUSPICIOUS_MOVE = YES;
				CLANG_WARN_SUSPICIOUS_MOVES = YES;
				CLANG_WARN_UNREACHABLE_CODE = YES;
				CLANG_WARN__DUPLICATE_METHOD_MATCH = YES;
				"CODE_SIGN_IDENTITY[sdk=iphoneos*]" = "iPhone Developer";
				COPY_PHASE_STRIP = NO;
				CURRENT_PROJECT_VERSION = 1;
				DEBUG_INFORMATION_FORMAT = dwarf;
				ENABLE_STRICT_OBJC_MSGSEND = YES;
				ENABLE_TESTABILITY = YES;
				GCC_C_LANGUAGE_STANDARD = gnu99;
				GCC_DYNAMIC_NO_PIC = NO;
				GCC_NO_COMMON_BLOCKS = YES;
				GCC_OPTIMIZATION_LEVEL = 0;
				GCC_PREPROCESSOR_DEFINITIONS = (
					"DEBUG=1",
					"$(inherited)",
				);
				GCC_WARN_64_TO_32_BIT_CONVERSION = YES;
				GCC_WARN_ABOUT_RETURN_TYPE = YES_ERROR;
				GCC_WARN_UNDECLARED_SELECTOR = YES;
				GCC_WARN_UNINITIALIZED_AUTOS = YES_AGGRESSIVE;
				GCC_WARN_UNUSED_FUNCTION = YES;
				GCC_WARN_UNUSED_VARIABLE = YES;
				IPHONEOS_DEPLOYMENT_TARGET = 10.0;
				MTL_ENABLE_DEBUG_INFO = YES;
				ONLY_ACTIVE_ARCH = YES;
				SDKROOT = iphoneos;
				SWIFT_ACTIVE_COMPILATION_CONDITIONS = DEBUG;
				SWIFT_OPTIMIZATION_LEVEL = "-Onone";
				TARGETED_DEVICE_FAMILY = "1,2";
				VERSIONING_SYSTEM = "apple-generic";
				VERSION_INFO_PREFIX = "";
			};
			name = Debug;
		};
		94EA5AFB1DAD3330006E5517 /* Release */ = {
			isa = XCBuildConfiguration;
			buildSettings = {
				ALWAYS_SEARCH_USER_PATHS = NO;
				CLANG_ANALYZER_NONNULL = YES;
				CLANG_CXX_LANGUAGE_STANDARD = "gnu++0x";
				CLANG_CXX_LIBRARY = "libc++";
				CLANG_ENABLE_MODULES = YES;
				CLANG_ENABLE_OBJC_ARC = YES;
				CLANG_WARN_BOOL_CONVERSION = YES;
				CLANG_WARN_CONSTANT_CONVERSION = YES;
				CLANG_WARN_DIRECT_OBJC_ISA_USAGE = YES_ERROR;
				CLANG_WARN_DOCUMENTATION_COMMENTS = YES;
				CLANG_WARN_EMPTY_BODY = YES;
				CLANG_WARN_ENUM_CONVERSION = YES;
				CLANG_WARN_INFINITE_RECURSION = YES;
				CLANG_WARN_INT_CONVERSION = YES;
				CLANG_WARN_OBJC_ROOT_CLASS = YES_ERROR;
				CLANG_WARN_SUSPICIOUS_MOVE = YES;
				CLANG_WARN_SUSPICIOUS_MOVES = YES;
				CLANG_WARN_UNREACHABLE_CODE = YES;
				CLANG_WARN__DUPLICATE_METHOD_MATCH = YES;
				"CODE_SIGN_IDENTITY[sdk=iphoneos*]" = "iPhone Developer";
				COPY_PHASE_STRIP = NO;
				CURRENT_PROJECT_VERSION = 1;
				DEBUG_INFORMATION_FORMAT = "dwarf-with-dsym";
				ENABLE_NS_ASSERTIONS = NO;
				ENABLE_STRICT_OBJC_MSGSEND = YES;
				GCC_C_LANGUAGE_STANDARD = gnu99;
				GCC_NO_COMMON_BLOCKS = YES;
				GCC_WARN_64_TO_32_BIT_CONVERSION = YES;
				GCC_WARN_ABOUT_RETURN_TYPE = YES_ERROR;
				GCC_WARN_UNDECLARED_SELECTOR = YES;
				GCC_WARN_UNINITIALIZED_AUTOS = YES_AGGRESSIVE;
				GCC_WARN_UNUSED_FUNCTION = YES;
				GCC_WARN_UNUSED_VARIABLE = YES;
				IPHONEOS_DEPLOYMENT_TARGET = 10.0;
				MTL_ENABLE_DEBUG_INFO = NO;
				SDKROOT = iphoneos;
				SWIFT_OPTIMIZATION_LEVEL = "-Owholemodule";
				TARGETED_DEVICE_FAMILY = "1,2";
				VALIDATE_PRODUCT = YES;
				VERSIONING_SYSTEM = "apple-generic";
				VERSION_INFO_PREFIX = "";
			};
			name = Release;
		};
		94EA5AFD1DAD3330006E5517 /* Debug */ = {
			isa = XCBuildConfiguration;
			buildSettings = {
				CLANG_ENABLE_MODULES = YES;
				CODE_SIGN_IDENTITY = "";
				DEFINES_MODULE = YES;
				DYLIB_COMPATIBILITY_VERSION = 1;
				DYLIB_CURRENT_VERSION = 1;
				DYLIB_INSTALL_NAME_BASE = "@rpath";
				INFOPLIST_FILE = Blocks/Info.plist;
				INSTALL_PATH = "$(LOCAL_LIBRARY_DIR)/Frameworks";
				IPHONEOS_DEPLOYMENT_TARGET = 8.4;
				LD_RUNPATH_SEARCH_PATHS = "$(inherited) @executable_path/Frameworks @loader_path/Frameworks";
				PRODUCT_BUNDLE_IDENTIFIER = com.musicpang.Blocks;
				PRODUCT_NAME = "$(TARGET_NAME)";
				SKIP_INSTALL = YES;
				SWIFT_OPTIMIZATION_LEVEL = "-Onone";
				SWIFT_VERSION = 3.0;
			};
			name = Debug;
		};
		94EA5AFE1DAD3330006E5517 /* Release */ = {
			isa = XCBuildConfiguration;
			buildSettings = {
				CLANG_ENABLE_MODULES = YES;
				CODE_SIGN_IDENTITY = "";
				DEFINES_MODULE = YES;
				DYLIB_COMPATIBILITY_VERSION = 1;
				DYLIB_CURRENT_VERSION = 1;
				DYLIB_INSTALL_NAME_BASE = "@rpath";
				INFOPLIST_FILE = Blocks/Info.plist;
				INSTALL_PATH = "$(LOCAL_LIBRARY_DIR)/Frameworks";
				IPHONEOS_DEPLOYMENT_TARGET = 8.4;
				LD_RUNPATH_SEARCH_PATHS = "$(inherited) @executable_path/Frameworks @loader_path/Frameworks";
				PRODUCT_BUNDLE_IDENTIFIER = com.musicpang.Blocks;
				PRODUCT_NAME = "$(TARGET_NAME)";
				SKIP_INSTALL = YES;
				SWIFT_VERSION = 3.0;
			};
			name = Release;
		};
		94EA5B001DAD3330006E5517 /* Debug */ = {
			isa = XCBuildConfiguration;
			buildSettings = {
				ALWAYS_EMBED_SWIFT_STANDARD_LIBRARIES = YES;
				INFOPLIST_FILE = BlocksTests/Info.plist;
				LD_RUNPATH_SEARCH_PATHS = "$(inherited) @executable_path/Frameworks @loader_path/Frameworks";
				PRODUCT_BUNDLE_IDENTIFIER = com.musicpang.BlocksTests;
				PRODUCT_NAME = "$(TARGET_NAME)";
				SWIFT_VERSION = 3.0;
			};
			name = Debug;
		};
		94EA5B011DAD3330006E5517 /* Release */ = {
			isa = XCBuildConfiguration;
			buildSettings = {
				ALWAYS_EMBED_SWIFT_STANDARD_LIBRARIES = YES;
				INFOPLIST_FILE = BlocksTests/Info.plist;
				LD_RUNPATH_SEARCH_PATHS = "$(inherited) @executable_path/Frameworks @loader_path/Frameworks";
				PRODUCT_BUNDLE_IDENTIFIER = com.musicpang.BlocksTests;
				PRODUCT_NAME = "$(TARGET_NAME)";
				SWIFT_VERSION = 3.0;
			};
			name = Release;
		};
/* End XCBuildConfiguration section */

/* Begin XCConfigurationList section */
		9473BEC61DAD3EFC00AA920D /* Build configuration list for PBXNativeTarget "Example" */ = {
			isa = XCConfigurationList;
			buildConfigurations = (
				9473BEC71DAD3EFC00AA920D /* Debug */,
				9473BEC81DAD3EFC00AA920D /* Release */,
				94806B131DD59E8E00F51E1D /* English */,
			);
			defaultConfigurationIsVisible = 0;
			defaultConfigurationName = Release;
		};
		94EA5AE21DAD332F006E5517 /* Build configuration list for PBXProject "Blocks" */ = {
			isa = XCConfigurationList;
			buildConfigurations = (
				94EA5AFA1DAD3330006E5517 /* Debug */,
				94EA5AFB1DAD3330006E5517 /* Release */,
				94806B101DD59E8E00F51E1D /* English */,
			);
			defaultConfigurationIsVisible = 0;
			defaultConfigurationName = Release;
		};
		94EA5AFC1DAD3330006E5517 /* Build configuration list for PBXNativeTarget "Blocks" */ = {
			isa = XCConfigurationList;
			buildConfigurations = (
				94EA5AFD1DAD3330006E5517 /* Debug */,
				94EA5AFE1DAD3330006E5517 /* Release */,
				94806B111DD59E8E00F51E1D /* English */,
			);
			defaultConfigurationIsVisible = 0;
			defaultConfigurationName = Release;
		};
		94EA5AFF1DAD3330006E5517 /* Build configuration list for PBXNativeTarget "BlocksTests" */ = {
			isa = XCConfigurationList;
			buildConfigurations = (
				94EA5B001DAD3330006E5517 /* Debug */,
				94EA5B011DAD3330006E5517 /* Release */,
				94806B121DD59E8E00F51E1D /* English */,
			);
			defaultConfigurationIsVisible = 0;
			defaultConfigurationName = Release;
		};
/* End XCConfigurationList section */

/* Begin XCVersionGroup section */
		9473BEBD1DAD3EFC00AA920D /* Example.xcdatamodeld */ = {
			isa = XCVersionGroup;
			children = (
				9473BEBE1DAD3EFC00AA920D /* Example.xcdatamodel */,
			);
			currentVersion = 9473BEBE1DAD3EFC00AA920D /* Example.xcdatamodel */;
			path = Example.xcdatamodeld;
			sourceTree = "<group>";
			versionGroupType = wrapper.xcdatamodel;
		};
/* End XCVersionGroup section */
	};
	rootObject = 94EA5ADF1DAD332F006E5517 /* Project object */;
}
